
Microsoft Visual Studio Solution File, Format Version 12.00
# Visual Studio 14
VisualStudioVersion = 14.0.25420.1
MinimumVisualStudioVersion = 10.0.40219.1
Project("{FAE04EC0-301F-11D3-BF4B-00C04F79EFBC}") = "Integre.Shared", "Integre.Shared\Integre.Shared.csproj", "{6687096E-5809-42C8-9447-9A3A25034C5A}"
EndProject
Project("{FAE04EC0-301F-11D3-BF4B-00C04F79EFBC}") = "Integre.Domain", "Integre.Domain\Integre.Domain.csproj", "{7328C37C-4C77-4676-8BBE-B247B7EFB2A0}"
EndProject
Project("{FAE04EC0-301F-11D3-BF4B-00C04F79EFBC}") = "Integre.Tests", "Integre.Tests\Integre.Tests.csproj", "{77BEAFD1-0A65-4982-9037-8800F860030F}"
EndProject
Project("{FAE04EC0-301F-11D3-BF4B-00C04F79EFBC}") = "Integre.Infra", "Integre.Infra\Integre.Infra.csproj", "{FB2A778F-3712-4774-A58C-E1EE3B494DA9}"
EndProject
Project("{2150E333-8FDC-42A3-9474-1A3956D46DE8}") = "1 - API", "1 - API", "{E9908F59-0BD5-40C8-AAB7-1FC91C88CE4D}"
EndProject
Project("{2150E333-8FDC-42A3-9474-1A3956D46DE8}") = "2 - Domain", "2 - Domain", "{E008C36A-487F-4A13-95DD-D0AF97643424}"
EndProject
Project("{2150E333-8FDC-42A3-9474-1A3956D46DE8}") = "3 - Infra", "3 - Infra", "{344316B2-C08A-4315-917A-61AC51E3A925}"
EndProject
Project("{2150E333-8FDC-42A3-9474-1A3956D46DE8}") = "4 - Tests", "4 - Tests", "{4B43F85D-84BB-4F60-B779-57603C9DC01A}"
EndProject
Global
	GlobalSection(SolutionConfigurationPlatforms) = preSolution
		Debug|Any CPU = Debug|Any CPU
		Release|Any CPU = Release|Any CPU
	EndGlobalSection
	GlobalSection(ProjectConfigurationPlatforms) = postSolution
		{6687096E-5809-42C8-9447-9A3A25034C5A}.Debug|Any CPU.ActiveCfg = Debug|Any CPU
		{6687096E-5809-42C8-9447-9A3A25034C5A}.Debug|Any CPU.Build.0 = Debug|Any CPU
		{6687096E-5809-42C8-9447-9A3A25034C5A}.Release|Any CPU.ActiveCfg = Release|Any CPU
		{6687096E-5809-42C8-9447-9A3A25034C5A}.Release|Any CPU.Build.0 = Release|Any CPU
		{7328C37C-4C77-4676-8BBE-B247B7EFB2A0}.Debug|Any CPU.ActiveCfg = Debug|Any CPU
		{7328C37C-4C77-4676-8BBE-B247B7EFB2A0}.Debug|Any CPU.Build.0 = Debug|Any CPU
		{7328C37C-4C77-4676-8BBE-B247B7EFB2A0}.Release|Any CPU.ActiveCfg = Release|Any CPU
		{7328C37C-4C77-4676-8BBE-B247B7EFB2A0}.Release|Any CPU.Build.0 = Release|Any CPU
		{77BEAFD1-0A65-4982-9037-8800F860030F}.Debug|Any CPU.ActiveCfg = Debug|Any CPU
		{77BEAFD1-0A65-4982-9037-8800F860030F}.Debug|Any CPU.Build.0 = Debug|Any CPU
		{77BEAFD1-0A65-4982-9037-8800F860030F}.Release|Any CPU.ActiveCfg = Release|Any CPU
		{77BEAFD1-0A65-4982-9037-8800F860030F}.Release|Any CPU.Build.0 = Release|Any CPU
		{FB2A778F-3712-4774-A58C-E1EE3B494DA9}.Debug|Any CPU.ActiveCfg = Debug|Any CPU
		{FB2A778F-3712-4774-A58C-E1EE3B494DA9}.Debug|Any CPU.Build.0 = Debug|Any CPU
		{FB2A778F-3712-4774-A58C-E1EE3B494DA9}.Release|Any CPU.ActiveCfg = Release|Any CPU
		{FB2A778F-3712-4774-A58C-E1EE3B494DA9}.Release|Any CPU.Build.0 = Release|Any CPU
	EndGlobalSection
	GlobalSection(SolutionProperties) = preSolution
		HideSolutionNode = FALSE
	EndGlobalSection
	GlobalSection(NestedProjects) = preSolution
		{6687096E-5809-42C8-9447-9A3A25034C5A} = {E008C36A-487F-4A13-95DD-D0AF97643424}
		{7328C37C-4C77-4676-8BBE-B247B7EFB2A0} = {E008C36A-487F-4A13-95DD-D0AF97643424}
		{77BEAFD1-0A65-4982-9037-8800F860030F} = {4B43F85D-84BB-4F60-B779-57603C9DC01A}
		{FB2A778F-3712-4774-A58C-E1EE3B494DA9} = {344316B2-C08A-4315-917A-61AC51E3A925}
	EndGlobalSection
EndGlobal
